
Microsoft Visual Studio Solution File, Format Version 12.00
# Visual Studio Version 17
VisualStudioVersion = 17.10.35122.118
MinimumVisualStudioVersion = 10.0.40219.1
Project("{FAE04EC0-301F-11D3-BF4B-00C04F79EFBC}") = "Calculator", "Calculator\Calculator.csproj", "{3AECB8A1-3D14-4382-A2D0-738146937770}"
EndProject
Global
	GlobalSection(SolutionConfigurationPlatforms) = preSolution
		Debug|Any CPU = Debug|Any CPU
		Release|Any CPU = Release|Any CPU
	EndGlobalSection
	GlobalSection(ProjectConfigurationPlatforms) = postSolution
		{3AECB8A1-3D14-4382-A2D0-738146937770}.Debug|Any CPU.ActiveCfg = Debug|Any CPU
		{3AECB8A1-3D14-4382-A2D0-738146937770}.Debug|Any CPU.Build.0 = Debug|Any CPU
		{3AECB8A1-3D14-4382-A2D0-738146937770}.Release|Any CPU.ActiveCfg = Release|Any CPU
		{3AECB8A1-3D14-4382-A2D0-738146937770}.Release|Any CPU.Build.0 = Release|Any CPU
	EndGlobalSection
	GlobalSection(SolutionProperties) = preSolution
		HideSolutionNode = FALSE
	EndGlobalSection
	GlobalSection(ExtensibilityGlobals) = postSolution
		SolutionGuid = {5F946CB4-1F9F-438E-88E9-E2F20F366D38}
	EndGlobalSection
EndGlobal
